
Microsoft Visual Studio Solution File, Format Version 11.00
# Visual Studio 2010
Project("{FAE04EC0-301F-11D3-BF4B-00C04F79EFBC}") = "FileSync", "FileSync.csproj", "{AF969B88-C682-4077-9F4B-76DAC21A609B}"
EndProject
Project("{FAE04EC0-301F-11D3-BF4B-00C04F79EFBC}") = "BackupWiz", "..\BackupWiz\BackupWiz.csproj", "{B44E5F91-7CAB-4F73-B3CE-6F06BE9BEDFE}"
EndProject
Project("{FAE04EC0-301F-11D3-BF4B-00C04F79EFBC}") = "FileBrowser", "..\FileBrowser\FileBrowser.csproj", "{FC8064DF-B0BC-4D03-B1AE-077F3387412C}"
EndProject
Global
	GlobalSection(SolutionConfigurationPlatforms) = preSolution
		Debug|Any CPU = Debug|Any CPU
		Debug|Mixed Platforms = Debug|Mixed Platforms
		Debug|x86 = Debug|x86
		Release|Any CPU = Release|Any CPU
		Release|Mixed Platforms = Release|Mixed Platforms
		Release|x86 = Release|x86
	EndGlobalSection
	GlobalSection(ProjectConfigurationPlatforms) = postSolution
		{AF969B88-C682-4077-9F4B-76DAC21A609B}.Debug|Any CPU.ActiveCfg = Debug|Any CPU
		{AF969B88-C682-4077-9F4B-76DAC21A609B}.Debug|Any CPU.Build.0 = Debug|Any CPU
		{AF969B88-C682-4077-9F4B-76DAC21A609B}.Debug|Mixed Platforms.ActiveCfg = Debug|Any CPU
		{AF969B88-C682-4077-9F4B-76DAC21A609B}.Debug|Mixed Platforms.Build.0 = Debug|Any CPU
		{AF969B88-C682-4077-9F4B-76DAC21A609B}.Debug|x86.ActiveCfg = Debug|Any CPU
		{AF969B88-C682-4077-9F4B-76DAC21A609B}.Release|Any CPU.ActiveCfg = Release|Any CPU
		{AF969B88-C682-4077-9F4B-76DAC21A609B}.Release|Any CPU.Build.0 = Release|Any CPU
		{AF969B88-C682-4077-9F4B-76DAC21A609B}.Release|Mixed Platforms.ActiveCfg = Release|Any CPU
		{AF969B88-C682-4077-9F4B-76DAC21A609B}.Release|Mixed Platforms.Build.0 = Release|Any CPU
		{AF969B88-C682-4077-9F4B-76DAC21A609B}.Release|x86.ActiveCfg = Release|Any CPU
		{B44E5F91-7CAB-4F73-B3CE-6F06BE9BEDFE}.Debug|Any CPU.ActiveCfg = Debug|x86
		{B44E5F91-7CAB-4F73-B3CE-6F06BE9BEDFE}.Debug|Mixed Platforms.ActiveCfg = Debug|x86
		{B44E5F91-7CAB-4F73-B3CE-6F06BE9BEDFE}.Debug|Mixed Platforms.Build.0 = Debug|x86
		{B44E5F91-7CAB-4F73-B3CE-6F06BE9BEDFE}.Debug|x86.ActiveCfg = Debug|x86
		{B44E5F91-7CAB-4F73-B3CE-6F06BE9BEDFE}.Debug|x86.Build.0 = Debug|x86
		{B44E5F91-7CAB-4F73-B3CE-6F06BE9BEDFE}.Release|Any CPU.ActiveCfg = Release|x86
		{B44E5F91-7CAB-4F73-B3CE-6F06BE9BEDFE}.Release|Mixed Platforms.ActiveCfg = Release|x86
		{B44E5F91-7CAB-4F73-B3CE-6F06BE9BEDFE}.Release|Mixed Platforms.Build.0 = Release|x86
		{B44E5F91-7CAB-4F73-B3CE-6F06BE9BEDFE}.Release|x86.ActiveCfg = Release|x86
		{B44E5F91-7CAB-4F73-B3CE-6F06BE9BEDFE}.Release|x86.Build.0 = Release|x86
		{FC8064DF-B0BC-4D03-B1AE-077F3387412C}.Debug|Any CPU.ActiveCfg = Debug|Any CPU
		{FC8064DF-B0BC-4D03-B1AE-077F3387412C}.Debug|Any CPU.Build.0 = Debug|Any CPU
		{FC8064DF-B0BC-4D03-B1AE-077F3387412C}.Debug|Mixed Platforms.ActiveCfg = Debug|Any CPU
		{FC8064DF-B0BC-4D03-B1AE-077F3387412C}.Debug|Mixed Platforms.Build.0 = Debug|Any CPU
		{FC8064DF-B0BC-4D03-B1AE-077F3387412C}.Debug|x86.ActiveCfg = Debug|Any CPU
		{FC8064DF-B0BC-4D03-B1AE-077F3387412C}.Release|Any CPU.ActiveCfg = Release|Any CPU
		{FC8064DF-B0BC-4D03-B1AE-077F3387412C}.Release|Any CPU.Build.0 = Release|Any CPU
		{FC8064DF-B0BC-4D03-B1AE-077F3387412C}.Release|Mixed Platforms.ActiveCfg = Release|Any CPU
		{FC8064DF-B0BC-4D03-B1AE-077F3387412C}.Release|Mixed Platforms.Build.0 = Release|Any CPU
		{FC8064DF-B0BC-4D03-B1AE-077F3387412C}.Release|x86.ActiveCfg = Release|Any CPU
	EndGlobalSection
	GlobalSection(SolutionProperties) = preSolution
		HideSolutionNode = FALSE
	EndGlobalSection
EndGlobal
